
Microsoft Visual Studio Solution File, Format Version 12.00
# Visual Studio Version 17
VisualStudioVersion = 17.0.31903.59
MinimumVisualStudioVersion = 10.0.40219.1
Project("{FAE04EC0-301F-11D3-BF4B-00C04F79EFBC}") = "CardGame.Api", "CardGame.Api\CardGame.Api.csproj", "{E915035A-65EB-4C69-85BA-5725BCE9AADF}"
EndProject
Project("{FAE04EC0-301F-11D3-BF4B-00C04F79EFBC}") = "CardGame.Application", "CardGame.Application\CardGame.Application.csproj", "{7F28D18B-668D-4232-AA57-F189064DED86}"
EndProject
Project("{FAE04EC0-301F-11D3-BF4B-00C04F79EFBC}") = "CardGame.Contracts", "CardGame.Contracts\CardGame.Contracts.csproj", "{8E0D0281-6762-466D-A671-0C3CD746F3E2}"
EndProject
Project("{FAE04EC0-301F-11D3-BF4B-00C04F79EFBC}") = "CardGame.Domain", "CardGame.Domain\CardGame.Domain.csproj", "{6C60AAAB-2A8F-490F-B41C-5CB4FDEACC8F}"
EndProject
Project("{FAE04EC0-301F-11D3-BF4B-00C04F79EFBC}") = "CardGame.Infrastructure", "CardGame.Infrastructure\CardGame.Infrastructure.csproj", "{B1201997-56AD-4725-B7DE-3A3BEA091ED0}"
EndProject
Project("{FAE04EC0-301F-11D3-BF4B-00C04F79EFBC}") = "CardGame.Tests", "CardGame.Tests\CardGame.Tests.csproj", "{AFC809B3-0B55-4076-B11D-931C0D261892}"
EndProject
Global
	GlobalSection(SolutionConfigurationPlatforms) = preSolution
		Debug|Any CPU = Debug|Any CPU
		Release|Any CPU = Release|Any CPU
	EndGlobalSection
	GlobalSection(SolutionProperties) = preSolution
		HideSolutionNode = FALSE
	EndGlobalSection
	GlobalSection(ProjectConfigurationPlatforms) = postSolution
		{E915035A-65EB-4C69-85BA-5725BCE9AADF}.Debug|Any CPU.ActiveCfg = Debug|Any CPU
		{E915035A-65EB-4C69-85BA-5725BCE9AADF}.Debug|Any CPU.Build.0 = Debug|Any CPU
		{E915035A-65EB-4C69-85BA-5725BCE9AADF}.Release|Any CPU.ActiveCfg = Release|Any CPU
		{E915035A-65EB-4C69-85BA-5725BCE9AADF}.Release|Any CPU.Build.0 = Release|Any CPU
		{7F28D18B-668D-4232-AA57-F189064DED86}.Debug|Any CPU.ActiveCfg = Debug|Any CPU
		{7F28D18B-668D-4232-AA57-F189064DED86}.Debug|Any CPU.Build.0 = Debug|Any CPU
		{7F28D18B-668D-4232-AA57-F189064DED86}.Release|Any CPU.ActiveCfg = Release|Any CPU
		{7F28D18B-668D-4232-AA57-F189064DED86}.Release|Any CPU.Build.0 = Release|Any CPU
		{8E0D0281-6762-466D-A671-0C3CD746F3E2}.Debug|Any CPU.ActiveCfg = Debug|Any CPU
		{8E0D0281-6762-466D-A671-0C3CD746F3E2}.Debug|Any CPU.Build.0 = Debug|Any CPU
		{8E0D0281-6762-466D-A671-0C3CD746F3E2}.Release|Any CPU.ActiveCfg = Release|Any CPU
		{8E0D0281-6762-466D-A671-0C3CD746F3E2}.Release|Any CPU.Build.0 = Release|Any CPU
		{6C60AAAB-2A8F-490F-B41C-5CB4FDEACC8F}.Debug|Any CPU.ActiveCfg = Debug|Any CPU
		{6C60AAAB-2A8F-490F-B41C-5CB4FDEACC8F}.Debug|Any CPU.Build.0 = Debug|Any CPU
		{6C60AAAB-2A8F-490F-B41C-5CB4FDEACC8F}.Release|Any CPU.ActiveCfg = Release|Any CPU
		{6C60AAAB-2A8F-490F-B41C-5CB4FDEACC8F}.Release|Any CPU.Build.0 = Release|Any CPU
		{B1201997-56AD-4725-B7DE-3A3BEA091ED0}.Debug|Any CPU.ActiveCfg = Debug|Any CPU
		{B1201997-56AD-4725-B7DE-3A3BEA091ED0}.Debug|Any CPU.Build.0 = Debug|Any CPU
		{B1201997-56AD-4725-B7DE-3A3BEA091ED0}.Release|Any CPU.ActiveCfg = Release|Any CPU
		{B1201997-56AD-4725-B7DE-3A3BEA091ED0}.Release|Any CPU.Build.0 = Release|Any CPU
		{AFC809B3-0B55-4076-B11D-931C0D261892}.Debug|Any CPU.ActiveCfg = Debug|Any CPU
		{AFC809B3-0B55-4076-B11D-931C0D261892}.Debug|Any CPU.Build.0 = Debug|Any CPU
		{AFC809B3-0B55-4076-B11D-931C0D261892}.Release|Any CPU.ActiveCfg = Release|Any CPU
		{AFC809B3-0B55-4076-B11D-931C0D261892}.Release|Any CPU.Build.0 = Release|Any CPU
	EndGlobalSection
EndGlobal
